
Microsoft Visual Studio Solution File, Format Version 12.00
Project("{FAE04EC0-301F-11D3-BF4B-00C04F79EFBC}") = "CommandLineInterface", "CommandLineInterface\CommandLineInterface.csproj", "{87BF7238-14C6-4C58-9591-A946F3933C87}"
EndProject
Project("{FAE04EC0-301F-11D3-BF4B-00C04F79EFBC}") = "TestExtractor", "TestExtractor\TestExtractor.csproj", "{EF080A6A-D49F-4C6F-993B-C33CD35AAC4C}"
EndProject
Project("{FAE04EC0-301F-11D3-BF4B-00C04F79EFBC}") = "Extractor", "Extractor\Extractor.csproj", "{432B8C13-9B8F-4308-9CDC-D8332B4A1346}"
EndProject
Global
	GlobalSection(SolutionConfigurationPlatforms) = preSolution
		Debug|Any CPU = Debug|Any CPU
		Release|Any CPU = Release|Any CPU
	EndGlobalSection
	GlobalSection(ProjectConfigurationPlatforms) = postSolution
		{87BF7238-14C6-4C58-9591-A946F3933C87}.Debug|Any CPU.ActiveCfg = Debug|Any CPU
		{87BF7238-14C6-4C58-9591-A946F3933C87}.Debug|Any CPU.Build.0 = Debug|Any CPU
		{87BF7238-14C6-4C58-9591-A946F3933C87}.Release|Any CPU.ActiveCfg = Release|Any CPU
		{87BF7238-14C6-4C58-9591-A946F3933C87}.Release|Any CPU.Build.0 = Release|Any CPU
		{EF080A6A-D49F-4C6F-993B-C33CD35AAC4C}.Debug|Any CPU.ActiveCfg = Debug|Any CPU
		{EF080A6A-D49F-4C6F-993B-C33CD35AAC4C}.Debug|Any CPU.Build.0 = Debug|Any CPU
		{EF080A6A-D49F-4C6F-993B-C33CD35AAC4C}.Release|Any CPU.ActiveCfg = Release|Any CPU
		{EF080A6A-D49F-4C6F-993B-C33CD35AAC4C}.Release|Any CPU.Build.0 = Release|Any CPU
		{432B8C13-9B8F-4308-9CDC-D8332B4A1346}.Debug|Any CPU.ActiveCfg = Debug|Any CPU
		{432B8C13-9B8F-4308-9CDC-D8332B4A1346}.Debug|Any CPU.Build.0 = Debug|Any CPU
		{432B8C13-9B8F-4308-9CDC-D8332B4A1346}.Release|Any CPU.ActiveCfg = Release|Any CPU
		{432B8C13-9B8F-4308-9CDC-D8332B4A1346}.Release|Any CPU.Build.0 = Release|Any CPU
	EndGlobalSection
EndGlobal
